
Microsoft Visual Studio Solution File, Format Version 12.00
# Visual Studio Version 16
VisualStudioVersion = 16.0.31624.102
MinimumVisualStudioVersion = 10.0.40219.1
Project("{FAE04EC0-301F-11D3-BF4B-00C04F79EFBC}") = "ControlExperiment", "ControlExperiment.csproj", "{EBCF9C1C-4C2B-4CAC-B8F6-0DE759249E74}"
EndProject
Global
	GlobalSection(SolutionConfigurationPlatforms) = preSolution
		Debug|Any CPU = Debug|Any CPU
		Release|Any CPU = Release|Any CPU
	EndGlobalSection
	GlobalSection(ProjectConfigurationPlatforms) = postSolution
		{EBCF9C1C-4C2B-4CAC-B8F6-0DE759249E74}.Debug|Any CPU.ActiveCfg = Debug|Any CPU
		{EBCF9C1C-4C2B-4CAC-B8F6-0DE759249E74}.Debug|Any CPU.Build.0 = Debug|Any CPU
		{EBCF9C1C-4C2B-4CAC-B8F6-0DE759249E74}.Release|Any CPU.ActiveCfg = Release|Any CPU
		{EBCF9C1C-4C2B-4CAC-B8F6-0DE759249E74}.Release|Any CPU.Build.0 = Release|Any CPU
	EndGlobalSection
	GlobalSection(SolutionProperties) = preSolution
		HideSolutionNode = FALSE
	EndGlobalSection
	GlobalSection(ExtensibilityGlobals) = postSolution
		SolutionGuid = {E5A6208A-674D-4C45-9BB7-D41A5F0F3FE5}
	EndGlobalSection
EndGlobal
