
Microsoft Visual Studio Solution File, Format Version 12.00
# Visual Studio Version 17
VisualStudioVersion = 17.3.32714.290
MinimumVisualStudioVersion = 10.0.40219.1
Project("{FAE04EC0-301F-11D3-BF4B-00C04F79EFBC}") = "SecretIngredient", "SecretIngredient.csproj", "{6C0618F7-4E0D-43D0-B503-9568FC68136D}"
EndProject
Global
	GlobalSection(SolutionConfigurationPlatforms) = preSolution
		Debug|Any CPU = Debug|Any CPU
		Release|Any CPU = Release|Any CPU
	EndGlobalSection
	GlobalSection(ProjectConfigurationPlatforms) = postSolution
		{6C0618F7-4E0D-43D0-B503-9568FC68136D}.Debug|Any CPU.ActiveCfg = Debug|Any CPU
		{6C0618F7-4E0D-43D0-B503-9568FC68136D}.Debug|Any CPU.Build.0 = Debug|Any CPU
		{6C0618F7-4E0D-43D0-B503-9568FC68136D}.Release|Any CPU.ActiveCfg = Release|Any CPU
		{6C0618F7-4E0D-43D0-B503-9568FC68136D}.Release|Any CPU.Build.0 = Release|Any CPU
	EndGlobalSection
	GlobalSection(SolutionProperties) = preSolution
		HideSolutionNode = FALSE
	EndGlobalSection
	GlobalSection(ExtensibilityGlobals) = postSolution
		SolutionGuid = {448EF706-BB4F-4D34-95DE-B9E8845F87B7}
	EndGlobalSection
EndGlobal
