
Microsoft Visual Studio Solution File, Format Version 12.00
# Visual Studio Version 17
VisualStudioVersion = 17.1.32407.343
MinimumVisualStudioVersion = 10.0.40219.1
Project("{FAE04EC0-301F-11D3-BF4B-00C04F79EFBC}") = "CardDeckComparisons", "CardDeckComparisons.csproj", "{A674D988-58EE-434B-9E93-0B6902F6F5FB}"
EndProject
Global
	GlobalSection(SolutionConfigurationPlatforms) = preSolution
		Debug|Any CPU = Debug|Any CPU
		Release|Any CPU = Release|Any CPU
	EndGlobalSection
	GlobalSection(ProjectConfigurationPlatforms) = postSolution
		{A674D988-58EE-434B-9E93-0B6902F6F5FB}.Debug|Any CPU.ActiveCfg = Debug|Any CPU
		{A674D988-58EE-434B-9E93-0B6902F6F5FB}.Debug|Any CPU.Build.0 = Debug|Any CPU
		{A674D988-58EE-434B-9E93-0B6902F6F5FB}.Release|Any CPU.ActiveCfg = Release|Any CPU
		{A674D988-58EE-434B-9E93-0B6902F6F5FB}.Release|Any CPU.Build.0 = Release|Any CPU
	EndGlobalSection
	GlobalSection(SolutionProperties) = preSolution
		HideSolutionNode = FALSE
	EndGlobalSection
	GlobalSection(ExtensibilityGlobals) = postSolution
		SolutionGuid = {C71C08A7-0A2A-499F-90E2-23EEF95B76BC}
	EndGlobalSection
EndGlobal
