
Microsoft Visual Studio Solution File, Format Version 12.00
# Visual Studio Version 17
VisualStudioVersion = 17.1.32414.318
MinimumVisualStudioVersion = 10.0.40219.1
Project("{FAE04EC0-301F-11D3-BF4B-00C04F79EFBC}") = "CardLinq", "CardLinq.csproj", "{E3ABDAFF-B9F1-4983-897A-13283B3753F9}"
EndProject
Global
	GlobalSection(SolutionConfigurationPlatforms) = preSolution
		Debug|Any CPU = Debug|Any CPU
		Release|Any CPU = Release|Any CPU
	EndGlobalSection
	GlobalSection(ProjectConfigurationPlatforms) = postSolution
		{E3ABDAFF-B9F1-4983-897A-13283B3753F9}.Debug|Any CPU.ActiveCfg = Debug|Any CPU
		{E3ABDAFF-B9F1-4983-897A-13283B3753F9}.Debug|Any CPU.Build.0 = Debug|Any CPU
		{E3ABDAFF-B9F1-4983-897A-13283B3753F9}.Release|Any CPU.ActiveCfg = Release|Any CPU
		{E3ABDAFF-B9F1-4983-897A-13283B3753F9}.Release|Any CPU.Build.0 = Release|Any CPU
	EndGlobalSection
	GlobalSection(SolutionProperties) = preSolution
		HideSolutionNode = FALSE
	EndGlobalSection
	GlobalSection(ExtensibilityGlobals) = postSolution
		SolutionGuid = {503357B5-2BD3-4727-B7FA-40B9676C0239}
	EndGlobalSection
EndGlobal
