
Microsoft Visual Studio Solution File, Format Version 12.00
# Visual Studio Version 17
VisualStudioVersion = 17.0.31912.275
MinimumVisualStudioVersion = 10.0.40219.1
Project("{FAE04EC0-301F-11D3-BF4B-00C04F79EFBC}") = "Paintball", "Paintball.csproj", "{BA04A426-28D5-45D9-8106-1010F98C76BA}"
EndProject
Global
	GlobalSection(SolutionConfigurationPlatforms) = preSolution
		Debug|Any CPU = Debug|Any CPU
		Release|Any CPU = Release|Any CPU
	EndGlobalSection
	GlobalSection(ProjectConfigurationPlatforms) = postSolution
		{BA04A426-28D5-45D9-8106-1010F98C76BA}.Debug|Any CPU.ActiveCfg = Debug|Any CPU
		{BA04A426-28D5-45D9-8106-1010F98C76BA}.Debug|Any CPU.Build.0 = Debug|Any CPU
		{BA04A426-28D5-45D9-8106-1010F98C76BA}.Release|Any CPU.ActiveCfg = Release|Any CPU
		{BA04A426-28D5-45D9-8106-1010F98C76BA}.Release|Any CPU.Build.0 = Release|Any CPU
	EndGlobalSection
	GlobalSection(SolutionProperties) = preSolution
		HideSolutionNode = FALSE
	EndGlobalSection
	GlobalSection(ExtensibilityGlobals) = postSolution
		SolutionGuid = {1ACDD445-C985-4C2F-A87C-55282E7C5EA3}
	EndGlobalSection
EndGlobal
